// !$*UTF8*$!
{
	archiveVersion = 1;
	classes = {
	};
	objectVersion = 46;
	objects = {

/* Begin PBXBuildFile section */
		92B453D119406AF1002A1664 /* main.m in Sources */ = {isa = PBXBuildFile; fileRef = 92B453D019406AF1002A1664 /* main.m */; };
		92B453D419406AF1002A1664 /* AppDelegate.m in Sources */ = {isa = PBXBuildFile; fileRef = 92B453D319406AF1002A1664 /* AppDelegate.m */; };
		92B453D719406AF1002A1664 /* ViewController.m in Sources */ = {isa = PBXBuildFile; fileRef = 92B453D619406AF1002A1664 /* ViewController.m */; };
		92B453DA19406AF1002A1664 /* Main.storyboard in Resources */ = {isa = PBXBuildFile; fileRef = 92B453D819406AF1002A1664 /* Main.storyboard */; };
		92B453DC19406AF1002A1664 /* Images.xcassets in Resources */ = {isa = PBXBuildFile; fileRef = 92B453DB19406AF1002A1664 /* Images.xcassets */; };
		92B453E819406AF1002A1664 /* iosUdpdemoTests.m in Sources */ = {isa = PBXBuildFile; fileRef = 92B453E719406AF1002A1664 /* iosUdpdemoTests.m */; };
/* End PBXBuildFile section */

/* Begin PBXContainerItemProxy section */
		92B453E219406AF1002A1664 /* PBXContainerItemProxy */ = {
			isa = PBXContainerItemProxy;
			containerPortal = 92B453C319406AF1002A1664 /* Project object */;
			proxyType = 1;
			remoteGlobalIDString = 92B453CA19406AF1002A1664;
			remoteInfo = iosUdpdemo;
		};
/* End PBXContainerItemProxy section */

/* Begin PBXFileReference section */
		92B453CB19406AF1002A1664 /* iosUdpdemo.app */ = {isa = PBXFileReference; explicitFileType = wrapper.application; includeInIndex = 0; path = iosUdpdemo.app; sourceTree = BUILT_PRODUCTS_DIR; };
		92B453CF19406AF1002A1664 /* Info.plist */ = {isa = PBXFileReference; lastKnownFileType = text.plist.xml; path = Info.plist; sourceTree = "<group>"; };
		92B453D019406AF1002A1664 /* main.m */ = {isa = PBXFileReference; lastKnownFileType = sourcecode.c.objc; path = main.m; sourceTree = "<group>"; };
		92B453D219406AF1002A1664 /* AppDelegate.h */ = {isa = PBXFileReference; lastKnownFileType = sourcecode.c.h; path = AppDelegate.h; sourceTree = "<group>"; };
		92B453D319406AF1002A1664 /* AppDelegate.m */ = {isa = PBXFileReference; lastKnownFileType = sourcecode.c.objc; path = AppDelegate.m; sourceTree = "<group>"; };
		92B453D519406AF1002A1664 /* ViewController.h */ = {isa = PBXFileReference; lastKnownFileType = sourcecode.c.h; path = ViewController.h; sourceTree = "<group>"; };
		92B453D619406AF1002A1664 /* ViewController.m */ = {isa = PBXFileReference; lastKnownFileType = sourcecode.c.objc; path = ViewController.m; sourceTree = "<group>"; };
		92B453D919406AF1002A1664 /* Base */ = {isa = PBXFileReference; lastKnownFileType = file.storyboard; name = Base; path = Base.lproj/Main.storyboard; sourceTree = "<group>"; };
		92B453DB19406AF1002A1664 /* Images.xcassets */ = {isa = PBXFileReference; lastKnownFileType = folder.assetcatalog; path = Images.xcassets; sourceTree = "<group>"; };
		92B453E119406AF1002A1664 /* iosUdpdemoTests.xctest */ = {isa = PBXFileReference; explicitFileType = wrapper.cfbundle; includeInIndex = 0; path = iosUdpdemoTests.xctest; sourceTree = BUILT_PRODUCTS_DIR; };
		92B453E619406AF1002A1664 /* Info.plist */ = {isa = PBXFileReference; lastKnownFileType = text.plist.xml; path = Info.plist; sourceTree = "<group>"; };
		92B453E719406AF1002A1664 /* iosUdpdemoTests.m */ = {isa = PBXFileReference; lastKnownFileType = sourcecode.c.objc; path = iosUdpdemoTests.m; sourceTree = "<group>"; };
/* End PBXFileReference section */

/* Begin PBXFrameworksBuildPhase section */
		92B453C819406AF1002A1664 /* Frameworks */ = {
			isa = PBXFrameworksBuildPhase;
			buildActionMask = 2147483647;
			files = (
			);
			runOnlyForDeploymentPostprocessing = 0;
		};
		92B453DE19406AF1002A1664 /* Frameworks */ = {
			isa = PBXFrameworksBuildPhase;
			buildActionMask = 2147483647;
			files = (
			);
			runOnlyForDeploymentPostprocessing = 0;
		};
/* End PBXFrameworksBuildPhase section */

/* Begin PBXGroup section */
		92B453C219406AF1002A1664 = {
			isa = PBXGroup;
			children = (
				92B453CD19406AF1002A1664 /* iosUdpdemo */,
				92B453E419406AF1002A1664 /* iosUdpdemoTests */,
				92B453CC19406AF1002A1664 /* Products */,
			);
			sourceTree = "<group>";
		};
		92B453CC19406AF1002A1664 /* Products */ = {
			isa = PBXGroup;
			children = (
				92B453CB19406AF1002A1664 /* iosUdpdemo.app */,
				92B453E119406AF1002A1664 /* iosUdpdemoTests.xctest */,
			);
			name = Products;
			sourceTree = "<group>";
		};
		92B453CD19406AF1002A1664 /* iosUdpdemo */ = {
			isa = PBXGroup;
			children = (
				92B453D219406AF1002A1664 /* AppDelegate.h */,
				92B453D319406AF1002A1664 /* AppDelegate.m */,
				92B453D519406AF1002A1664 /* ViewController.h */,
				92B453D619406AF1002A1664 /* ViewController.m */,
				92B453D819406AF1002A1664 /* Main.storyboard */,
				92B453DB19406AF1002A1664 /* Images.xcassets */,
				92B453CE19406AF1002A1664 /* Supporting Files */,
			);
			path = iosUdpdemo;
			sourceTree = "<group>";
		};
		92B453CE19406AF1002A1664 /* Supporting Files */ = {
			isa = PBXGroup;
			children = (
				92B453CF19406AF1002A1664 /* Info.plist */,
				92B453D019406AF1002A1664 /* main.m */,
			);
			name = "Supporting Files";
			sourceTree = "<group>";
		};
		92B453E419406AF1002A1664 /* iosUdpdemoTests */ = {
			isa = PBXGroup;
			children = (
				92B453E719406AF1002A1664 /* iosUdpdemoTests.m */,
				92B453E519406AF1002A1664 /* Supporting Files */,
			);
			path = iosUdpdemoTests;
			sourceTree = "<group>";
		};
		92B453E519406AF1002A1664 /* Supporting Files */ = {
			isa = PBXGroup;
			children = (
				92B453E619406AF1002A1664 /* Info.plist */,
			);
			name = "Supporting Files";
			sourceTree = "<group>";
		};
/* End PBXGroup section */

/* Begin PBXNativeTarget section */
		92B453CA19406AF1002A1664 /* iosUdpdemo */ = {
			isa = PBXNativeTarget;
			buildConfigurationList = 92B453EB19406AF1002A1664 /* Build configuration list for PBXNativeTarget "iosUdpdemo" */;
			buildPhases = (
				92B453C719406AF1002A1664 /* Sources */,
				92B453C819406AF1002A1664 /* Frameworks */,
				92B453C919406AF1002A1664 /* Resources */,
			);
			buildRules = (
			);
			dependencies = (
			);
			name = iosUdpdemo;
			productName = iosUdpdemo;
			productReference = 92B453CB19406AF1002A1664 /* iosUdpdemo.app */;
			productType = "com.apple.product-type.application";
		};
		92B453E019406AF1002A1664 /* iosUdpdemoTests */ = {
			isa = PBXNativeTarget;
			buildConfigurationList = 92B453EE19406AF1002A1664 /* Build configuration list for PBXNativeTarget "iosUdpdemoTests" */;
			buildPhases = (
				92B453DD19406AF1002A1664 /* Sources */,
				92B453DE19406AF1002A1664 /* Frameworks */,
				92B453DF19406AF1002A1664 /* Resources */,
			);
			buildRules = (
			);
			dependencies = (
				92B453E319406AF1002A1664 /* PBXTargetDependency */,
			);
			name = iosUdpdemoTests;
			productName = iosUdpdemoTests;
			productReference = 92B453E119406AF1002A1664 /* iosUdpdemoTests.xctest */;
			productType = "com.apple.product-type.bundle.unit-test";
		};
/* End PBXNativeTarget section */

/* Begin PBXProject section */
		92B453C319406AF1002A1664 /* Project object */ = {
			isa = PBXProject;
			attributes = {
				LastUpgradeCheck = 0600;
				ORGANIZATIONNAME = byids_xiaoyu;
				TargetAttributes = {
					92B453CA19406AF1002A1664 = {
						CreatedOnToolsVersion = 6.0;
					};
					92B453E019406AF1002A1664 = {
						CreatedOnToolsVersion = 6.0;
						TestTargetID = 92B453CA19406AF1002A1664;
					};
				};
			};
			buildConfigurationList = 92B453C619406AF1002A1664 /* Build configuration list for PBXProject "iosUdpdemo" */;
			compatibilityVersion = "Xcode 3.2";
			developmentRegion = English;
			hasScannedForEncodings = 0;
			knownRegions = (
				en,
				Base,
			);
			mainGroup = 92B453C219406AF1002A1664;
			productRefGroup = 92B453CC19406AF1002A1664 /* Products */;
			projectDirPath = "";
			projectRoot = "";
			targets = (
				92B453CA19406AF1002A1664 /* iosUdpdemo */,
				92B453E019406AF1002A1664 /* iosUdpdemoTests */,
			);
		};
/* End PBXProject section */

/* Begin PBXResourcesBuildPhase section */
		92B453C919406AF1002A1664 /* Resources */ = {
			isa = PBXResourcesBuildPhase;
			buildActionMask = 2147483647;
			files = (
				92B453DA19406AF1002A1664 /* Main.storyboard in Resources */,
				92B453DC19406AF1002A1664 /* Images.xcassets in Resources */,
			);
			runOnlyForDeploymentPostprocessing = 0;
		};
		92B453DF19406AF1002A1664 /* Resources */ = {
			isa = PBXResourcesBuildPhase;
			buildActionMask = 2147483647;
			files = (
			);
			runOnlyForDeploymentPostprocessing = 0;
		};
/* End PBXResourcesBuildPhase section */

/* Begin PBXSourcesBuildPhase section */
		92B453C719406AF1002A1664 /* Sources */ = {
			isa = PBXSourcesBuildPhase;
			buildActionMask = 2147483647;
			files = (
				92B453D719406AF1002A1664 /* ViewController.m in Sources */,
				92B453D419406AF1002A1664 /* AppDelegate.m in Sources */,
				92B453D119406AF1002A1664 /* main.m in Sources */,
			);
			runOnlyForDeploymentPostprocessing = 0;
		};
		92B453DD19406AF1002A1664 /* Sources */ = {
			isa = PBXSourcesBuildPhase;
			buildActionMask = 2147483647;
			files = (
				92B453E819406AF1002A1664 /* iosUdpdemoTests.m in Sources */,
			);
			runOnlyForDeploymentPostprocessing = 0;
		};
/* End PBXSourcesBuildPhase section */

/* Begin PBXTargetDependency section */
		92B453E319406AF1002A1664 /* PBXTargetDependency */ = {
			isa = PBXTargetDependency;
			target = 92B453CA19406AF1002A1664 /* iosUdpdemo */;
			targetProxy = 92B453E219406AF1002A1664 /* PBXContainerItemProxy */;
		};
/* End PBXTargetDependency section */

/* Begin PBXVariantGroup section */
		92B453D819406AF1002A1664 /* Main.storyboard */ = {
			isa = PBXVariantGroup;
			children = (
				92B453D919406AF1002A1664 /* Base */,
			);
			name = Main.storyboard;
			sourceTree = "<group>";
		};
/* End PBXVariantGroup section */

/* Begin XCBuildConfiguration section */
		92B453E919406AF1002A1664 /* Debug */ = {
			isa = XCBuildConfiguration;
			buildSettings = {
				ALWAYS_SEARCH_USER_PATHS = NO;
				CLANG_CXX_LANGUAGE_STANDARD = "gnu++0x";
				CLANG_CXX_LIBRARY = "libc++";
				CLANG_ENABLE_MODULES = YES;
				CLANG_ENABLE_OBJC_ARC = YES;
				CLANG_WARN_BOOL_CONVERSION = YES;
				CLANG_WARN_CONSTANT_CONVERSION = YES;
				CLANG_WARN_DIRECT_OBJC_ISA_USAGE = YES_ERROR;
				CLANG_WARN_EMPTY_BODY = YES;
				CLANG_WARN_ENUM_CONVERSION = YES;
				CLANG_WARN_INT_CONVERSION = YES;
				CLANG_WARN_OBJC_ROOT_CLASS = YES_ERROR;
				CLANG_WARN_UNREACHABLE_CODE = YES;
				CLANG_WARN__DUPLICATE_METHOD_MATCH = YES;
				"CODE_SIGN_IDENTITY[sdk=iphoneos*]" = "iPhone Developer";
				COPY_PHASE_STRIP = NO;
				ENABLE_STRICT_OBJC_MSGSEND = YES;
				GCC_C_LANGUAGE_STANDARD = gnu99;
				GCC_DYNAMIC_NO_PIC = NO;
				GCC_OPTIMIZATION_LEVEL = 0;
				GCC_PREPROCESSOR_DEFINITIONS = (
					"DEBUG=1",
					"$(inherited)",
				);
				GCC_SYMBOLS_PRIVATE_EXTERN = NO;
				GCC_WARN_64_TO_32_BIT_CONVERSION = YES;
				GCC_WARN_ABOUT_RETURN_TYPE = YES_ERROR;
				GCC_WARN_UNDECLARED_SELECTOR = YES;
				GCC_WARN_UNINITIALIZED_AUTOS = YES_AGGRESSIVE;
				GCC_WARN_UNUSED_FUNCTION = YES;
				GCC_WARN_UNUSED_VARIABLE = YES;
				IPHONEOS_DEPLOYMENT_TARGET = 8.0;
				METAL_ENABLE_DEBUG_INFO = YES;
				ONLY_ACTIVE_ARCH = YES;
				SDKROOT = iphoneos;
			};
			name = Debug;
		};
		92B453EA19406AF1002A1664 /* Release */ = {
			isa = XCBuildConfiguration;
			buildSettings = {
				ALWAYS_SEARCH_USER_PATHS = NO;
				CLANG_CXX_LANGUAGE_STANDARD = "gnu++0x";
				CLANG_CXX_LIBRARY = "libc++";
				CLANG_ENABLE_MODULES = YES;
				CLANG_ENABLE_OBJC_ARC = YES;
				CLANG_WARN_BOOL_CONVERSION = YES;
				CLANG_WARN_CONSTANT_CONVERSION = YES;
				CLANG_WARN_DIRECT_OBJC_ISA_USAGE = YES_ERROR;
				CLANG_WARN_EMPTY_BODY = YES;
				CLANG_WARN_ENUM_CONVERSION = YES;
				CLANG_WARN_INT_CONVERSION = YES;
				CLANG_WARN_OBJC_ROOT_CLASS = YES_ERROR;
				CLANG_WARN_UNREACHABLE_CODE = YES;
				CLANG_WARN__DUPLICATE_METHOD_MATCH = YES;
				"CODE_SIGN_IDENTITY[sdk=iphoneos*]" = "iPhone Developer";
				COPY_PHASE_STRIP = YES;
				ENABLE_NS_ASSERTIONS = NO;
				ENABLE_STRICT_OBJC_MSGSEND = YES;
				GCC_C_LANGUAGE_STANDARD = gnu99;
				GCC_WARN_64_TO_32_BIT_CONVERSION = YES;
				GCC_WARN_ABOUT_RETURN_TYPE = YES_ERROR;
				GCC_WARN_UNDECLARED_SELECTOR = YES;
				GCC_WARN_UNINITIALIZED_AUTOS = YES_AGGRESSIVE;
				GCC_WARN_UNUSED_FUNCTION = YES;
				GCC_WARN_UNUSED_VARIABLE = YES;
				IPHONEOS_DEPLOYMENT_TARGET = 8.0;
				METAL_ENABLE_DEBUG_INFO = NO;
				SDKROOT = iphoneos;
				VALIDATE_PRODUCT = YES;
			};
			name = Release;
		};
		92B453EC19406AF1002A1664 /* Debug */ = {
			isa = XCBuildConfiguration;
			buildSettings = {
				ASSETCATALOG_COMPILER_APPICON_NAME = AppIcon;
				ASSETCATALOG_COMPILER_LAUNCHIMAGE_NAME = LaunchImage;
				INFOPLIST_FILE = iosUdpdemo/Info.plist;
				LD_RUNPATH_SEARCH_PATHS = "$(inherited) @executable_path/Frameworks";
				PRODUCT_NAME = "$(TARGET_NAME)";
			};
			name = Debug;
		};
		92B453ED19406AF1002A1664 /* Release */ = {
			isa = XCBuildConfiguration;
			buildSettings = {
				ASSETCATALOG_COMPILER_APPICON_NAME = AppIcon;
				ASSETCATALOG_COMPILER_LAUNCHIMAGE_NAME = LaunchImage;
				INFOPLIST_FILE = iosUdpdemo/Info.plist;
				LD_RUNPATH_SEARCH_PATHS = "$(inherited) @executable_path/Frameworks";
				PRODUCT_NAME = "$(TARGET_NAME)";
			};
			name = Release;
		};
		92B453EF19406AF1002A1664 /* Debug */ = {
			isa = XCBuildConfiguration;
			buildSettings = {
				BUNDLE_LOADER = "$(BUILT_PRODUCTS_DIR)/iosUdpdemo.app/iosUdpdemo";
				FRAMEWORK_SEARCH_PATHS = (
					"$(SDKROOT)/Developer/Library/Frameworks",
					"$(inherited)",
				);
				GCC_PREPROCESSOR_DEFINITIONS = (
					"DEBUG=1",
					"$(inherited)",
				);
				INFOPLIST_FILE = iosUdpdemoTests/Info.plist;
				LD_RUNPATH_SEARCH_PATHS = "$(inherited) @executable_path/Frameworks @loader_path/Frameworks";
				METAL_ENABLE_DEBUG_INFO = YES;
				PRODUCT_NAME = "$(TARGET_NAME)";
				TEST_HOST = "$(BUNDLE_LOADER)";
			};
			name = Debug;
		};
		92B453F019406AF1002A1664 /* Release */ = {
			isa = XCBuildConfiguration;
			buildSettings = {
				BUNDLE_LOADER = "$(BUILT_PRODUCTS_DIR)/iosUdpdemo.app/iosUdpdemo";
				FRAMEWORK_SEARCH_PATHS = (
					"$(SDKROOT)/Developer/Library/Frameworks",
					"$(inherited)",
				);
				INFOPLIST_FILE = iosUdpdemoTests/Info.plist;
				LD_RUNPATH_SEARCH_PATHS = "$(inherited) @executable_path/Frameworks @loader_path/Frameworks";
				METAL_ENABLE_DEBUG_INFO = NO;
				PRODUCT_NAME = "$(TARGET_NAME)";
				TEST_HOST = "$(BUNDLE_LOADER)";
			};
			name = Release;
		};
/* End XCBuildConfiguration section */

/* Begin XCConfigurationList section */
		92B453C619406AF1002A1664 /* Build configuration list for PBXProject "iosUdpdemo" */ = {
			isa = XCConfigurationList;
			buildConfigurations = (
				92B453E919406AF1002A1664 /* Debug */,
				92B453EA19406AF1002A1664 /* Release */,
			);
			defaultConfigurationIsVisible = 0;
			defaultConfigurationName = Release;
		};
		92B453EB19406AF1002A1664 /* Build configuration list for PBXNativeTarget "iosUdpdemo" */ = {
			isa = XCConfigurationList;
			buildConfigurations = (
				92B453EC19406AF1002A1664 /* Debug */,
				92B453ED19406AF1002A1664 /* Release */,
			);
			defaultConfigurationIsVisible = 0;
		};
		92B453EE19406AF1002A1664 /* Build configuration list for PBXNativeTarget "iosUdpdemoTests" */ = {
			isa = XCConfigurationList;
			buildConfigurations = (
				92B453EF19406AF1002A1664 /* Debug */,
				92B453F019406AF1002A1664 /* Release */,
			);
			defaultConfigurationIsVisible = 0;
		};
/* End XCConfigurationList section */
	};
	rootObject = 92B453C319406AF1002A1664 /* Project object */;
}
